
Microsoft Visual Studio Solution File, Format Version 12.00
# Visual Studio Version 17
VisualStudioVersion = 17.10.35004.147
MinimumVisualStudioVersion = 10.0.40219.1
Project("{9A19103F-16F7-4668-BE54-9A1E7A4F7556}") = "DotNetSouthAfricanIdNumber", "DotNetSouthAfricanIdNumber.csproj", "{CDC96576-C570-4C73-9342-9AA247BC4147}"
EndProject
Global
	GlobalSection(SolutionConfigurationPlatforms) = preSolution
		Debug|Any CPU = Debug|Any CPU
		Release|Any CPU = Release|Any CPU
	EndGlobalSection
	GlobalSection(ProjectConfigurationPlatforms) = postSolution
		{CDC96576-C570-4C73-9342-9AA247BC4147}.Debug|Any CPU.ActiveCfg = Debug|Any CPU
		{CDC96576-C570-4C73-9342-9AA247BC4147}.Debug|Any CPU.Build.0 = Debug|Any CPU
		{CDC96576-C570-4C73-9342-9AA247BC4147}.Release|Any CPU.ActiveCfg = Release|Any CPU
		{CDC96576-C570-4C73-9342-9AA247BC4147}.Release|Any CPU.Build.0 = Release|Any CPU
	EndGlobalSection
	GlobalSection(SolutionProperties) = preSolution
		HideSolutionNode = FALSE
	EndGlobalSection
	GlobalSection(ExtensibilityGlobals) = postSolution
		SolutionGuid = {DF8ED8FF-7018-41F4-8A0C-E3725E8546A8}
	EndGlobalSection
EndGlobal
